
Microsoft Visual Studio Solution File, Format Version 12.00
# Visual Studio 15
VisualStudioVersion = 15.0.35213.121
MinimumVisualStudioVersion = 10.0.40219.1
Project("{F184B08F-C81C-45F6-A57F-5ABD9991F28F}") = "TouchTest", "TouchTest\TouchTest.vbproj", "{197B1B09-BAA7-4125-AEA3-441CF70675A9}"
EndProject
Project("{F184B08F-C81C-45F6-A57F-5ABD9991F28F}") = "TryOSUpdateWindow", "TryOSUpdateWindow\TryOSUpdateWindow.vbproj", "{53DD76E9-08C1-4FE5-A363-B62527585CC4}"
EndProject
Project("{F184B08F-C81C-45F6-A57F-5ABD9991F28F}") = "Test", "Test\Test.vbproj", "{4743F52D-EF37-41AD-A245-76BFEBD6F124}"
EndProject
Project("{F184B08F-C81C-45F6-A57F-5ABD9991F28F}") = "UserController", "UserController\UserController.vbproj", "{052CF78D-5FBF-4716-B55D-D16D92140A18}"
EndProject
Project("{F184B08F-C81C-45F6-A57F-5ABD9991F28F}") = "QuickNotesApp", "QuickNotesApp\QuickNotesApp.vbproj", "{8DE6CD8F-43C8-4BD9-9677-9FADA1662224}"
EndProject
Project("{F184B08F-C81C-45F6-A57F-5ABD9991F28F}") = "YoutubeApp", "YoutubeApp\YoutubeApp.vbproj", "{57CF34CC-D3D0-4974-9990-83C32B562059}"
EndProject
Project("{F184B08F-C81C-45F6-A57F-5ABD9991F28F}") = "SpotifyApp", "SpotifyApp\SpotifyApp.vbproj", "{CEBBD296-23C2-47FC-B602-735A370598C4}"
EndProject
Project("{F184B08F-C81C-45F6-A57F-5ABD9991F28F}") = "InternetplusplusLoader", "InternetplusplusLoader\InternetplusplusLoader.vbproj", "{0B6AE693-3B9E-439D-B41D-1B20069858DE}"
EndProject
Project("{F184B08F-C81C-45F6-A57F-5ABD9991F28F}") = "TryOS_Store_Manager", "TryOS_Store_Manager\TryOS_Store_Manager.vbproj", "{E8B0A93F-E583-4238-B6E0-28CC96C423A2}"
EndProject
Project("{F184B08F-C81C-45F6-A57F-5ABD9991F28F}") = "TryOS_Store_Loader", "TryOS_Store_Loader\TryOS_Store_Loader.vbproj", "{F392DAFB-A731-40B6-924A-7F74CE3A4345}"
EndProject
Project("{F184B08F-C81C-45F6-A57F-5ABD9991F28F}") = "FacebookApp", "ClassLibrary1\FacebookApp.vbproj", "{65F084F3-F451-4E7F-AC0A-BD0573377514}"
EndProject
Project("{F184B08F-C81C-45F6-A57F-5ABD9991F28F}") = "ModTheSystem", "ModTheSystem\ModTheSystem.vbproj", "{4249A54B-3908-400B-9CD2-FB1AB6915028}"
EndProject
Project("{F184B08F-C81C-45F6-A57F-5ABD9991F28F}") = "ProgramInfo", "ProgramInfo\ProgramInfo.vbproj", "{FB646AA6-BC80-4BFC-9D39-4DDCE88B0B36}"
EndProject
Project("{F184B08F-C81C-45F6-A57F-5ABD9991F28F}") = "ImageViewer", "ImageViewer\ImageViewer.vbproj", "{55EF8322-6CF7-4D94-B765-C946BC1E7868}"
EndProject
Project("{F184B08F-C81C-45F6-A57F-5ABD9991F28F}") = "TryExplorer", "TryExplorer\TryExplorer.vbproj", "{5A847A48-8F07-4DE4-9F4C-66EA015E204A}"
EndProject
Project("{F184B08F-C81C-45F6-A57F-5ABD9991F28F}") = "InternalSettingsApp", "InternalSettingsApp\InternalSettingsApp.vbproj", "{C44416F5-8AC7-43F3-9A83-929B889C0F04}"
EndProject
Global
	GlobalSection(SolutionConfigurationPlatforms) = preSolution
		Debug|Any CPU = Debug|Any CPU
		Release|Any CPU = Release|Any CPU
	EndGlobalSection
	GlobalSection(ProjectConfigurationPlatforms) = postSolution
		{197B1B09-BAA7-4125-AEA3-441CF70675A9}.Debug|Any CPU.ActiveCfg = Debug|Any CPU
		{197B1B09-BAA7-4125-AEA3-441CF70675A9}.Debug|Any CPU.Build.0 = Debug|Any CPU
		{197B1B09-BAA7-4125-AEA3-441CF70675A9}.Release|Any CPU.ActiveCfg = Release|Any CPU
		{197B1B09-BAA7-4125-AEA3-441CF70675A9}.Release|Any CPU.Build.0 = Release|Any CPU
		{53DD76E9-08C1-4FE5-A363-B62527585CC4}.Debug|Any CPU.ActiveCfg = Debug|Any CPU
		{53DD76E9-08C1-4FE5-A363-B62527585CC4}.Debug|Any CPU.Build.0 = Debug|Any CPU
		{53DD76E9-08C1-4FE5-A363-B62527585CC4}.Release|Any CPU.ActiveCfg = Release|Any CPU
		{53DD76E9-08C1-4FE5-A363-B62527585CC4}.Release|Any CPU.Build.0 = Release|Any CPU
		{4743F52D-EF37-41AD-A245-76BFEBD6F124}.Debug|Any CPU.ActiveCfg = Debug|Any CPU
		{4743F52D-EF37-41AD-A245-76BFEBD6F124}.Debug|Any CPU.Build.0 = Debug|Any CPU
		{4743F52D-EF37-41AD-A245-76BFEBD6F124}.Release|Any CPU.ActiveCfg = Release|Any CPU
		{4743F52D-EF37-41AD-A245-76BFEBD6F124}.Release|Any CPU.Build.0 = Release|Any CPU
		{052CF78D-5FBF-4716-B55D-D16D92140A18}.Debug|Any CPU.ActiveCfg = Debug|Any CPU
		{052CF78D-5FBF-4716-B55D-D16D92140A18}.Debug|Any CPU.Build.0 = Debug|Any CPU
		{052CF78D-5FBF-4716-B55D-D16D92140A18}.Release|Any CPU.ActiveCfg = Release|Any CPU
		{052CF78D-5FBF-4716-B55D-D16D92140A18}.Release|Any CPU.Build.0 = Release|Any CPU
		{8DE6CD8F-43C8-4BD9-9677-9FADA1662224}.Debug|Any CPU.ActiveCfg = Debug|Any CPU
		{8DE6CD8F-43C8-4BD9-9677-9FADA1662224}.Debug|Any CPU.Build.0 = Debug|Any CPU
		{8DE6CD8F-43C8-4BD9-9677-9FADA1662224}.Release|Any CPU.ActiveCfg = Release|Any CPU
		{8DE6CD8F-43C8-4BD9-9677-9FADA1662224}.Release|Any CPU.Build.0 = Release|Any CPU
		{57CF34CC-D3D0-4974-9990-83C32B562059}.Debug|Any CPU.ActiveCfg = Debug|Any CPU
		{57CF34CC-D3D0-4974-9990-83C32B562059}.Debug|Any CPU.Build.0 = Debug|Any CPU
		{57CF34CC-D3D0-4974-9990-83C32B562059}.Release|Any CPU.ActiveCfg = Release|Any CPU
		{57CF34CC-D3D0-4974-9990-83C32B562059}.Release|Any CPU.Build.0 = Release|Any CPU
		{CEBBD296-23C2-47FC-B602-735A370598C4}.Debug|Any CPU.ActiveCfg = Debug|Any CPU
		{CEBBD296-23C2-47FC-B602-735A370598C4}.Debug|Any CPU.Build.0 = Debug|Any CPU
		{CEBBD296-23C2-47FC-B602-735A370598C4}.Release|Any CPU.ActiveCfg = Release|Any CPU
		{CEBBD296-23C2-47FC-B602-735A370598C4}.Release|Any CPU.Build.0 = Release|Any CPU
		{0B6AE693-3B9E-439D-B41D-1B20069858DE}.Debug|Any CPU.ActiveCfg = Debug|Any CPU
		{0B6AE693-3B9E-439D-B41D-1B20069858DE}.Debug|Any CPU.Build.0 = Debug|Any CPU
		{0B6AE693-3B9E-439D-B41D-1B20069858DE}.Release|Any CPU.ActiveCfg = Release|Any CPU
		{0B6AE693-3B9E-439D-B41D-1B20069858DE}.Release|Any CPU.Build.0 = Release|Any CPU
		{E8B0A93F-E583-4238-B6E0-28CC96C423A2}.Debug|Any CPU.ActiveCfg = Debug|Any CPU
		{E8B0A93F-E583-4238-B6E0-28CC96C423A2}.Debug|Any CPU.Build.0 = Debug|Any CPU
		{E8B0A93F-E583-4238-B6E0-28CC96C423A2}.Release|Any CPU.ActiveCfg = Release|Any CPU
		{E8B0A93F-E583-4238-B6E0-28CC96C423A2}.Release|Any CPU.Build.0 = Release|Any CPU
		{F392DAFB-A731-40B6-924A-7F74CE3A4345}.Debug|Any CPU.ActiveCfg = Debug|Any CPU
		{F392DAFB-A731-40B6-924A-7F74CE3A4345}.Debug|Any CPU.Build.0 = Debug|Any CPU
		{F392DAFB-A731-40B6-924A-7F74CE3A4345}.Release|Any CPU.ActiveCfg = Release|Any CPU
		{F392DAFB-A731-40B6-924A-7F74CE3A4345}.Release|Any CPU.Build.0 = Release|Any CPU
		{65F084F3-F451-4E7F-AC0A-BD0573377514}.Debug|Any CPU.ActiveCfg = Debug|Any CPU
		{65F084F3-F451-4E7F-AC0A-BD0573377514}.Debug|Any CPU.Build.0 = Debug|Any CPU
		{65F084F3-F451-4E7F-AC0A-BD0573377514}.Release|Any CPU.ActiveCfg = Release|Any CPU
		{65F084F3-F451-4E7F-AC0A-BD0573377514}.Release|Any CPU.Build.0 = Release|Any CPU
		{4249A54B-3908-400B-9CD2-FB1AB6915028}.Debug|Any CPU.ActiveCfg = Debug|Any CPU
		{4249A54B-3908-400B-9CD2-FB1AB6915028}.Debug|Any CPU.Build.0 = Debug|Any CPU
		{4249A54B-3908-400B-9CD2-FB1AB6915028}.Release|Any CPU.ActiveCfg = Release|Any CPU
		{4249A54B-3908-400B-9CD2-FB1AB6915028}.Release|Any CPU.Build.0 = Release|Any CPU
		{FB646AA6-BC80-4BFC-9D39-4DDCE88B0B36}.Debug|Any CPU.ActiveCfg = Debug|Any CPU
		{FB646AA6-BC80-4BFC-9D39-4DDCE88B0B36}.Debug|Any CPU.Build.0 = Debug|Any CPU
		{FB646AA6-BC80-4BFC-9D39-4DDCE88B0B36}.Release|Any CPU.ActiveCfg = Release|Any CPU
		{FB646AA6-BC80-4BFC-9D39-4DDCE88B0B36}.Release|Any CPU.Build.0 = Release|Any CPU
		{55EF8322-6CF7-4D94-B765-C946BC1E7868}.Debug|Any CPU.ActiveCfg = Debug|Any CPU
		{55EF8322-6CF7-4D94-B765-C946BC1E7868}.Debug|Any CPU.Build.0 = Debug|Any CPU
		{55EF8322-6CF7-4D94-B765-C946BC1E7868}.Release|Any CPU.ActiveCfg = Release|Any CPU
		{55EF8322-6CF7-4D94-B765-C946BC1E7868}.Release|Any CPU.Build.0 = Release|Any CPU
		{5A847A48-8F07-4DE4-9F4C-66EA015E204A}.Debug|Any CPU.ActiveCfg = Debug|Any CPU
		{5A847A48-8F07-4DE4-9F4C-66EA015E204A}.Debug|Any CPU.Build.0 = Debug|Any CPU
		{5A847A48-8F07-4DE4-9F4C-66EA015E204A}.Release|Any CPU.ActiveCfg = Release|Any CPU
		{5A847A48-8F07-4DE4-9F4C-66EA015E204A}.Release|Any CPU.Build.0 = Release|Any CPU
		{C44416F5-8AC7-43F3-9A83-929B889C0F04}.Debug|Any CPU.ActiveCfg = Debug|Any CPU
		{C44416F5-8AC7-43F3-9A83-929B889C0F04}.Debug|Any CPU.Build.0 = Debug|Any CPU
		{C44416F5-8AC7-43F3-9A83-929B889C0F04}.Release|Any CPU.ActiveCfg = Release|Any CPU
		{C44416F5-8AC7-43F3-9A83-929B889C0F04}.Release|Any CPU.Build.0 = Release|Any CPU
	EndGlobalSection
	GlobalSection(SolutionProperties) = preSolution
		HideSolutionNode = FALSE
	EndGlobalSection
	GlobalSection(ExtensibilityGlobals) = postSolution
		SolutionGuid = {BAB24F9E-BBCC-4AB6-BECA-2C1F25388C34}
	EndGlobalSection
EndGlobal
